
Microsoft Visual Studio Solution File, Format Version 12.00
# Visual Studio 2013
VisualStudioVersion = 12.0.31101.0
MinimumVisualStudioVersion = 10.0.40219.1
Project("{FAE04EC0-301F-11D3-BF4B-00C04F79EFBC}") = "TresPuntoCinco.Business", "TresPuntoCinco.Business\TresPuntoCinco.Business.csproj", "{0CB58240-566A-48F1-B3A5-C32E0EE35F14}"
EndProject
Project("{FAE04EC0-301F-11D3-BF4B-00C04F79EFBC}") = "TresPuntoCinco.Data", "TresPuntoCinco.Data\TresPuntoCinco.Data.csproj", "{BC6660E5-746A-4A77-9876-C1E73EE990D3}"
EndProject
Project("{FAE04EC0-301F-11D3-BF4B-00C04F79EFBC}") = "TresPuntoCinco.DataAccess", "TresPuntoCinco.DataAccess\TresPuntoCinco.DataAccess.csproj", "{72F7060C-CEC3-4665-88AD-781F2BD55B90}"
EndProject
Project("{FAE04EC0-301F-11D3-BF4B-00C04F79EFBC}") = "TresPuntoCinco.Model", "TresPuntoCinco.Model\TresPuntoCinco.Model.csproj", "{E23DF6D4-A072-4E02-8719-649224E3FBF7}"
EndProject
Project("{FAE04EC0-301F-11D3-BF4B-00C04F79EFBC}") = "TresPuntoCinco.ViewModel", "TresPuntoCinco.ViewModel\TresPuntoCinco.ViewModel.csproj", "{C1B2A721-55C0-47C3-9E31-E8843AE97DF2}"
EndProject
Project("{FAE04EC0-301F-11D3-BF4B-00C04F79EFBC}") = "TresPuntoCinco", "TresPuntoCinco\TresPuntoCinco.csproj", "{D148EBFE-BC58-4AB9-9C06-42D2D7173792}"
EndProject
Global
	GlobalSection(TeamFoundationVersionControl) = preSolution
		SccNumberOfProjects = 7
		SccEnterpriseProvider = {4CA58AB2-18FA-4F8D-95D4-32DDF27D184C}
		SccTeamFoundationServer = https://tfs.codeplex.com/tfs/tfs24
		SccLocalPath0 = .
		SccProjectUniqueName1 = TresPuntoCinco.Business\\TresPuntoCinco.Business.csproj
		SccProjectName1 = TresPuntoCinco.Business
		SccLocalPath1 = TresPuntoCinco.Business
		SccProjectUniqueName2 = TresPuntoCinco.Data\\TresPuntoCinco.Data.csproj
		SccProjectName2 = TresPuntoCinco.Data
		SccLocalPath2 = TresPuntoCinco.Data
		SccProjectUniqueName3 = TresPuntoCinco.DataAccess\\TresPuntoCinco.DataAccess.csproj
		SccProjectName3 = TresPuntoCinco.DataAccess
		SccLocalPath3 = TresPuntoCinco.DataAccess
		SccProjectUniqueName4 = TresPuntoCinco.Model\\TresPuntoCinco.Model.csproj
		SccProjectName4 = TresPuntoCinco.Model
		SccLocalPath4 = TresPuntoCinco.Model
		SccProjectUniqueName5 = TresPuntoCinco.ViewModel\\TresPuntoCinco.ViewModel.csproj
		SccProjectName5 = TresPuntoCinco.ViewModel
		SccLocalPath5 = TresPuntoCinco.ViewModel
		SccProjectUniqueName6 = TresPuntoCinco\\TresPuntoCinco.csproj
		SccProjectName6 = TresPuntoCinco
		SccLocalPath6 = TresPuntoCinco
	EndGlobalSection
	GlobalSection(SolutionConfigurationPlatforms) = preSolution
		Debug|Any CPU = Debug|Any CPU
		Release|Any CPU = Release|Any CPU
	EndGlobalSection
	GlobalSection(ProjectConfigurationPlatforms) = postSolution
		{0CB58240-566A-48F1-B3A5-C32E0EE35F14}.Debug|Any CPU.ActiveCfg = Debug|Any CPU
		{0CB58240-566A-48F1-B3A5-C32E0EE35F14}.Debug|Any CPU.Build.0 = Debug|Any CPU
		{0CB58240-566A-48F1-B3A5-C32E0EE35F14}.Release|Any CPU.ActiveCfg = Release|Any CPU
		{0CB58240-566A-48F1-B3A5-C32E0EE35F14}.Release|Any CPU.Build.0 = Release|Any CPU
		{BC6660E5-746A-4A77-9876-C1E73EE990D3}.Debug|Any CPU.ActiveCfg = Debug|Any CPU
		{BC6660E5-746A-4A77-9876-C1E73EE990D3}.Debug|Any CPU.Build.0 = Debug|Any CPU
		{BC6660E5-746A-4A77-9876-C1E73EE990D3}.Release|Any CPU.ActiveCfg = Release|Any CPU
		{BC6660E5-746A-4A77-9876-C1E73EE990D3}.Release|Any CPU.Build.0 = Release|Any CPU
		{72F7060C-CEC3-4665-88AD-781F2BD55B90}.Debug|Any CPU.ActiveCfg = Debug|Any CPU
		{72F7060C-CEC3-4665-88AD-781F2BD55B90}.Debug|Any CPU.Build.0 = Debug|Any CPU
		{72F7060C-CEC3-4665-88AD-781F2BD55B90}.Release|Any CPU.ActiveCfg = Release|Any CPU
		{72F7060C-CEC3-4665-88AD-781F2BD55B90}.Release|Any CPU.Build.0 = Release|Any CPU
		{E23DF6D4-A072-4E02-8719-649224E3FBF7}.Debug|Any CPU.ActiveCfg = Debug|Any CPU
		{E23DF6D4-A072-4E02-8719-649224E3FBF7}.Debug|Any CPU.Build.0 = Debug|Any CPU
		{E23DF6D4-A072-4E02-8719-649224E3FBF7}.Release|Any CPU.ActiveCfg = Release|Any CPU
		{E23DF6D4-A072-4E02-8719-649224E3FBF7}.Release|Any CPU.Build.0 = Release|Any CPU
		{C1B2A721-55C0-47C3-9E31-E8843AE97DF2}.Debug|Any CPU.ActiveCfg = Debug|Any CPU
		{C1B2A721-55C0-47C3-9E31-E8843AE97DF2}.Debug|Any CPU.Build.0 = Debug|Any CPU
		{C1B2A721-55C0-47C3-9E31-E8843AE97DF2}.Release|Any CPU.ActiveCfg = Release|Any CPU
		{C1B2A721-55C0-47C3-9E31-E8843AE97DF2}.Release|Any CPU.Build.0 = Release|Any CPU
		{D148EBFE-BC58-4AB9-9C06-42D2D7173792}.Debug|Any CPU.ActiveCfg = Debug|Any CPU
		{D148EBFE-BC58-4AB9-9C06-42D2D7173792}.Debug|Any CPU.Build.0 = Debug|Any CPU
		{D148EBFE-BC58-4AB9-9C06-42D2D7173792}.Release|Any CPU.ActiveCfg = Release|Any CPU
		{D148EBFE-BC58-4AB9-9C06-42D2D7173792}.Release|Any CPU.Build.0 = Release|Any CPU
	EndGlobalSection
	GlobalSection(SolutionProperties) = preSolution
		HideSolutionNode = FALSE
	EndGlobalSection
EndGlobal
